
Microsoft Visual Studio Solution File, Format Version 12.00
# Visual Studio Version 17
VisualStudioVersion = 17.0.31903.59
MinimumVisualStudioVersion = 10.0.40219.1
Project("{FAE04EC0-301F-11D3-BF4B-00C04F79EFBC}") = "API", "API\API.csproj", "{F7A6ECDC-85B4-4630-B229-DD245069045C}"
EndProject
Project("{FAE04EC0-301F-11D3-BF4B-00C04F79EFBC}") = "Core", "Core\Core.csproj", "{887274A7-2FDB-4043-84B5-887E83037C21}"
EndProject
Project("{FAE04EC0-301F-11D3-BF4B-00C04F79EFBC}") = "Infrastructure", "Infrastructure\Infrastructure.csproj", "{98BC7275-7666-495F-870A-E3ED09C6D3DD}"
EndProject
Global
	GlobalSection(SolutionConfigurationPlatforms) = preSolution
		Debug|Any CPU = Debug|Any CPU
		Debug|x64 = Debug|x64
		Debug|x86 = Debug|x86
		Release|Any CPU = Release|Any CPU
		Release|x64 = Release|x64
		Release|x86 = Release|x86
	EndGlobalSection
	GlobalSection(ProjectConfigurationPlatforms) = postSolution
		{F7A6ECDC-85B4-4630-B229-DD245069045C}.Debug|Any CPU.ActiveCfg = Debug|Any CPU
		{F7A6ECDC-85B4-4630-B229-DD245069045C}.Debug|Any CPU.Build.0 = Debug|Any CPU
		{F7A6ECDC-85B4-4630-B229-DD245069045C}.Debug|x64.ActiveCfg = Debug|Any CPU
		{F7A6ECDC-85B4-4630-B229-DD245069045C}.Debug|x64.Build.0 = Debug|Any CPU
		{F7A6ECDC-85B4-4630-B229-DD245069045C}.Debug|x86.ActiveCfg = Debug|Any CPU
		{F7A6ECDC-85B4-4630-B229-DD245069045C}.Debug|x86.Build.0 = Debug|Any CPU
		{F7A6ECDC-85B4-4630-B229-DD245069045C}.Release|Any CPU.ActiveCfg = Release|Any CPU
		{F7A6ECDC-85B4-4630-B229-DD245069045C}.Release|Any CPU.Build.0 = Release|Any CPU
		{F7A6ECDC-85B4-4630-B229-DD245069045C}.Release|x64.ActiveCfg = Release|Any CPU
		{F7A6ECDC-85B4-4630-B229-DD245069045C}.Release|x64.Build.0 = Release|Any CPU
		{F7A6ECDC-85B4-4630-B229-DD245069045C}.Release|x86.ActiveCfg = Release|Any CPU
		{F7A6ECDC-85B4-4630-B229-DD245069045C}.Release|x86.Build.0 = Release|Any CPU
		{887274A7-2FDB-4043-84B5-887E83037C21}.Debug|Any CPU.ActiveCfg = Debug|Any CPU
		{887274A7-2FDB-4043-84B5-887E83037C21}.Debug|Any CPU.Build.0 = Debug|Any CPU
		{887274A7-2FDB-4043-84B5-887E83037C21}.Debug|x64.ActiveCfg = Debug|Any CPU
		{887274A7-2FDB-4043-84B5-887E83037C21}.Debug|x64.Build.0 = Debug|Any CPU
		{887274A7-2FDB-4043-84B5-887E83037C21}.Debug|x86.ActiveCfg = Debug|Any CPU
		{887274A7-2FDB-4043-84B5-887E83037C21}.Debug|x86.Build.0 = Debug|Any CPU
		{887274A7-2FDB-4043-84B5-887E83037C21}.Release|Any CPU.ActiveCfg = Release|Any CPU
		{887274A7-2FDB-4043-84B5-887E83037C21}.Release|Any CPU.Build.0 = Release|Any CPU
		{887274A7-2FDB-4043-84B5-887E83037C21}.Release|x64.ActiveCfg = Release|Any CPU
		{887274A7-2FDB-4043-84B5-887E83037C21}.Release|x64.Build.0 = Release|Any CPU
		{887274A7-2FDB-4043-84B5-887E83037C21}.Release|x86.ActiveCfg = Release|Any CPU
		{887274A7-2FDB-4043-84B5-887E83037C21}.Release|x86.Build.0 = Release|Any CPU
		{98BC7275-7666-495F-870A-E3ED09C6D3DD}.Debug|Any CPU.ActiveCfg = Debug|Any CPU
		{98BC7275-7666-495F-870A-E3ED09C6D3DD}.Debug|Any CPU.Build.0 = Debug|Any CPU
		{98BC7275-7666-495F-870A-E3ED09C6D3DD}.Debug|x64.ActiveCfg = Debug|Any CPU
		{98BC7275-7666-495F-870A-E3ED09C6D3DD}.Debug|x64.Build.0 = Debug|Any CPU
		{98BC7275-7666-495F-870A-E3ED09C6D3DD}.Debug|x86.ActiveCfg = Debug|Any CPU
		{98BC7275-7666-495F-870A-E3ED09C6D3DD}.Debug|x86.Build.0 = Debug|Any CPU
		{98BC7275-7666-495F-870A-E3ED09C6D3DD}.Release|Any CPU.ActiveCfg = Release|Any CPU
		{98BC7275-7666-495F-870A-E3ED09C6D3DD}.Release|Any CPU.Build.0 = Release|Any CPU
		{98BC7275-7666-495F-870A-E3ED09C6D3DD}.Release|x64.ActiveCfg = Release|Any CPU
		{98BC7275-7666-495F-870A-E3ED09C6D3DD}.Release|x64.Build.0 = Release|Any CPU
		{98BC7275-7666-495F-870A-E3ED09C6D3DD}.Release|x86.ActiveCfg = Release|Any CPU
		{98BC7275-7666-495F-870A-E3ED09C6D3DD}.Release|x86.Build.0 = Release|Any CPU
	EndGlobalSection
	GlobalSection(SolutionProperties) = preSolution
		HideSolutionNode = FALSE
	EndGlobalSection
EndGlobal
